// !$*UTF8*$!
{
	archiveVersion = 1;
	classes = {
	};
	objectVersion = 77;
	objects = {

/* Begin PBXBuildFile section */
		C0C0EBA52D0CF827001F3EBA /* FirebaseAnalytics in Frameworks */ = {isa = PBXBuildFile; productRef = C0C0EBA42D0CF827001F3EBA /* FirebaseAnalytics */; };
		C0C0EBA72D0CF827001F3EBA /* FirebaseAppCheck in Frameworks */ = {isa = PBXBuildFile; productRef = C0C0EBA62D0CF827001F3EBA /* FirebaseAppCheck */; };
		C0F674272D0DEB7500DD1D0F /* FirebaseAuth in Frameworks */ = {isa = PBXBuildFile; productRef = C0F674262D0DEB7500DD1D0F /* FirebaseAuth */; };
		C0F674292D0DEBB800DD1D0F /* FacebookCore in Frameworks */ = {isa = PBXBuildFile; productRef = C0F674282D0DEBB800DD1D0F /* FacebookCore */; };
		C0F6744C2D0DF9C200DD1D0F /* FirebaseFirestore in Frameworks */ = {isa = PBXBuildFile; productRef = C0F6744B2D0DF9C200DD1D0F /* FirebaseFirestore */; };
/* End PBXBuildFile section */

/* Begin PBXContainerItemProxy section */
		C01D981B2D0925BC0055FD57 /* PBXContainerItemProxy */ = {
			isa = PBXContainerItemProxy;
			containerPortal = C01D97FF2D0925BB0055FD57 /* Project object */;
			proxyType = 1;
			remoteGlobalIDString = C01D98062D0925BB0055FD57;
			remoteInfo = HomeCheffed;
		};
		C01D98252D0925BC0055FD57 /* PBXContainerItemProxy */ = {
			isa = PBXContainerItemProxy;
			containerPortal = C01D97FF2D0925BB0055FD57 /* Project object */;
			proxyType = 1;
			remoteGlobalIDString = C01D98062D0925BB0055FD57;
			remoteInfo = HomeCheffed;
		};
/* End PBXContainerItemProxy section */

/* Begin PBXFileReference section */
		C01D98072D0925BB0055FD57 /* HomeCheffed.app */ = {isa = PBXFileReference; explicitFileType = wrapper.application; includeInIndex = 0; path = HomeCheffed.app; sourceTree = BUILT_PRODUCTS_DIR; };
		C01D981A2D0925BC0055FD57 /* HomeCheffedTests.xctest */ = {isa = PBXFileReference; explicitFileType = wrapper.cfbundle; includeInIndex = 0; path = HomeCheffedTests.xctest; sourceTree = BUILT_PRODUCTS_DIR; };
		C01D98242D0925BC0055FD57 /* HomeCheffedUITests.xctest */ = {isa = PBXFileReference; explicitFileType = wrapper.cfbundle; includeInIndex = 0; path = HomeCheffedUITests.xctest; sourceTree = BUILT_PRODUCTS_DIR; };
/* End PBXFileReference section */

/* Begin PBXFileSystemSynchronizedRootGroup section */
		C01D98092D0925BB0055FD57 /* HomeCheffed */ = {
			isa = PBXFileSystemSynchronizedRootGroup;
			path = HomeCheffed;
			sourceTree = "<group>";
		};
		C01D981D2D0925BC0055FD57 /* HomeCheffedTests */ = {
			isa = PBXFileSystemSynchronizedRootGroup;
			path = HomeCheffedTests;
			sourceTree = "<group>";
		};
		C01D98272D0925BC0055FD57 /* HomeCheffedUITests */ = {
			isa = PBXFileSystemSynchronizedRootGroup;
			path = HomeCheffedUITests;
			sourceTree = "<group>";
		};
/* End PBXFileSystemSynchronizedRootGroup section */

/* Begin PBXFrameworksBuildPhase section */
		C01D98042D0925BB0055FD57 /* Frameworks */ = {
			isa = PBXFrameworksBuildPhase;
			buildActionMask = 2147483647;
			files = (
				C0C0EBA72D0CF827001F3EBA /* FirebaseAppCheck in Frameworks */,
				C0F674272D0DEB7500DD1D0F /* FirebaseAuth in Frameworks */,
				C0C0EBA52D0CF827001F3EBA /* FirebaseAnalytics in Frameworks */,
				C0F6744C2D0DF9C200DD1D0F /* FirebaseFirestore in Frameworks */,
				C0F674292D0DEBB800DD1D0F /* FacebookCore in Frameworks */,
			);
			runOnlyForDeploymentPostprocessing = 0;
		};
		C01D98172D0925BC0055FD57 /* Frameworks */ = {
			isa = PBXFrameworksBuildPhase;
			buildActionMask = 2147483647;
			files = (
			);
			runOnlyForDeploymentPostprocessing = 0;
		};
		C01D98212D0925BC0055FD57 /* Frameworks */ = {
			isa = PBXFrameworksBuildPhase;
			buildActionMask = 2147483647;
			files = (
			);
			runOnlyForDeploymentPostprocessing = 0;
		};
/* End PBXFrameworksBuildPhase section */

/* Begin PBXGroup section */
		C01D97FE2D0925BB0055FD57 = {
			isa = PBXGroup;
			children = (
				C01D98092D0925BB0055FD57 /* HomeCheffed */,
				C01D981D2D0925BC0055FD57 /* HomeCheffedTests */,
				C01D98272D0925BC0055FD57 /* HomeCheffedUITests */,
				C0F674252D0DEB7500DD1D0F /* Frameworks */,
				C01D98082D0925BB0055FD57 /* Products */,
			);
			sourceTree = "<group>";
		};
		C01D98082D0925BB0055FD57 /* Products */ = {
			isa = PBXGroup;
			children = (
				C01D98072D0925BB0055FD57 /* HomeCheffed.app */,
				C01D981A2D0925BC0055FD57 /* HomeCheffedTests.xctest */,
				C01D98242D0925BC0055FD57 /* HomeCheffedUITests.xctest */,
			);
			name = Products;
			sourceTree = "<group>";
		};
		C0F674252D0DEB7500DD1D0F /* Frameworks */ = {
			isa = PBXGroup;
			children = (
			);
			name = Frameworks;
			sourceTree = "<group>";
		};
/* End PBXGroup section */

/* Begin PBXNativeTarget section */
		C01D98062D0925BB0055FD57 /* HomeCheffed */ = {
			isa = PBXNativeTarget;
			buildConfigurationList = C01D982E2D0925BC0055FD57 /* Build configuration list for PBXNativeTarget "HomeCheffed" */;
			buildPhases = (
				C01D98032D0925BB0055FD57 /* Sources */,
				C01D98042D0925BB0055FD57 /* Frameworks */,
				C01D98052D0925BB0055FD57 /* Resources */,
			);
			buildRules = (
			);
			dependencies = (
			);
			fileSystemSynchronizedGroups = (
				C01D98092D0925BB0055FD57 /* HomeCheffed */,
			);
			name = HomeCheffed;
			packageProductDependencies = (
				C0C0EBA42D0CF827001F3EBA /* FirebaseAnalytics */,
				C0C0EBA62D0CF827001F3EBA /* FirebaseAppCheck */,
				C0F674262D0DEB7500DD1D0F /* FirebaseAuth */,
				C0F674282D0DEBB800DD1D0F /* FacebookCore */,
				C0F6744B2D0DF9C200DD1D0F /* FirebaseFirestore */,
			);
			productName = HomeCheffed;
			productReference = C01D98072D0925BB0055FD57 /* HomeCheffed.app */;
			productType = "com.apple.product-type.application";
		};
		C01D98192D0925BC0055FD57 /* HomeCheffedTests */ = {
			isa = PBXNativeTarget;
			buildConfigurationList = C01D98312D0925BC0055FD57 /* Build configuration list for PBXNativeTarget "HomeCheffedTests" */;
			buildPhases = (
				C01D98162D0925BC0055FD57 /* Sources */,
				C01D98172D0925BC0055FD57 /* Frameworks */,
				C01D98182D0925BC0055FD57 /* Resources */,
			);
			buildRules = (
			);
			dependencies = (
				C01D981C2D0925BC0055FD57 /* PBXTargetDependency */,
			);
			fileSystemSynchronizedGroups = (
				C01D981D2D0925BC0055FD57 /* HomeCheffedTests */,
			);
			name = HomeCheffedTests;
			packageProductDependencies = (
			);
			productName = HomeCheffedTests;
			productReference = C01D981A2D0925BC0055FD57 /* HomeCheffedTests.xctest */;
			productType = "com.apple.product-type.bundle.unit-test";
		};
		C01D98232D0925BC0055FD57 /* HomeCheffedUITests */ = {
			isa = PBXNativeTarget;
			buildConfigurationList = C01D98342D0925BC0055FD57 /* Build configuration list for PBXNativeTarget "HomeCheffedUITests" */;
			buildPhases = (
				C01D98202D0925BC0055FD57 /* Sources */,
				C01D98212D0925BC0055FD57 /* Frameworks */,
				C01D98222D0925BC0055FD57 /* Resources */,
			);
			buildRules = (
			);
			dependencies = (
				C01D98262D0925BC0055FD57 /* PBXTargetDependency */,
			);
			fileSystemSynchronizedGroups = (
				C01D98272D0925BC0055FD57 /* HomeCheffedUITests */,
			);
			name = HomeCheffedUITests;
			packageProductDependencies = (
			);
			productName = HomeCheffedUITests;
			productReference = C01D98242D0925BC0055FD57 /* HomeCheffedUITests.xctest */;
			productType = "com.apple.product-type.bundle.ui-testing";
		};
/* End PBXNativeTarget section */

/* Begin PBXProject section */
		C01D97FF2D0925BB0055FD57 /* Project object */ = {
			isa = PBXProject;
			attributes = {
				BuildIndependentTargetsInParallel = 1;
				LastSwiftUpdateCheck = 1610;
				LastUpgradeCheck = 1620;
				TargetAttributes = {
					C01D98062D0925BB0055FD57 = {
						CreatedOnToolsVersion = 16.1;
					};
					C01D98192D0925BC0055FD57 = {
						CreatedOnToolsVersion = 16.1;
						TestTargetID = C01D98062D0925BB0055FD57;
					};
					C01D98232D0925BC0055FD57 = {
						CreatedOnToolsVersion = 16.1;
						TestTargetID = C01D98062D0925BB0055FD57;
					};
				};
			};
			buildConfigurationList = C01D98022D0925BB0055FD57 /* Build configuration list for PBXProject "HomeCheffed" */;
			developmentRegion = en;
			hasScannedForEncodings = 0;
			knownRegions = (
				en,
				Base,
			);
			mainGroup = C01D97FE2D0925BB0055FD57;
			minimizedProjectReferenceProxies = 1;
			packageReferences = (
				C0C0EB9F2D0CF033001F3EBA /* XCRemoteSwiftPackageReference "swift-protobuf" */,
				C0C0EBA02D0CF15E001F3EBA /* XCRemoteSwiftPackageReference "firebase-ios-sdk" */,
				C0F674182D0DE3AF00DD1D0F /* XCRemoteSwiftPackageReference "facebook-ios-sdk" */,
			);
			preferredProjectObjectVersion = 77;
			productRefGroup = C01D98082D0925BB0055FD57 /* Products */;
			projectDirPath = "";
			projectRoot = "";
			targets = (
				C01D98062D0925BB0055FD57 /* HomeCheffed */,
				C01D98192D0925BC0055FD57 /* HomeCheffedTests */,
				C01D98232D0925BC0055FD57 /* HomeCheffedUITests */,
			);
		};
/* End PBXProject section */

/* Begin PBXResourcesBuildPhase section */
		C01D98052D0925BB0055FD57 /* Resources */ = {
			isa = PBXResourcesBuildPhase;
			buildActionMask = 2147483647;
			files = (
			);
			runOnlyForDeploymentPostprocessing = 0;
		};
		C01D98182D0925BC0055FD57 /* Resources */ = {
			isa = PBXResourcesBuildPhase;
			buildActionMask = 2147483647;
			files = (
			);
			runOnlyForDeploymentPostprocessing = 0;
		};
		C01D98222D0925BC0055FD57 /* Resources */ = {
			isa = PBXResourcesBuildPhase;
			buildActionMask = 2147483647;
			files = (
			);
			runOnlyForDeploymentPostprocessing = 0;
		};
/* End PBXResourcesBuildPhase section */

/* Begin PBXSourcesBuildPhase section */
		C01D98032D0925BB0055FD57 /* Sources */ = {
			isa = PBXSourcesBuildPhase;
			buildActionMask = 2147483647;
			files = (
			);
			runOnlyForDeploymentPostprocessing = 0;
		};
		C01D98162D0925BC0055FD57 /* Sources */ = {
			isa = PBXSourcesBuildPhase;
			buildActionMask = 2147483647;
			files = (
			);
			runOnlyForDeploymentPostprocessing = 0;
		};
		C01D98202D0925BC0055FD57 /* Sources */ = {
			isa = PBXSourcesBuildPhase;
			buildActionMask = 2147483647;
			files = (
			);
			runOnlyForDeploymentPostprocessing = 0;
		};
/* End PBXSourcesBuildPhase section */

/* Begin PBXTargetDependency section */
		C01D981C2D0925BC0055FD57 /* PBXTargetDependency */ = {
			isa = PBXTargetDependency;
			target = C01D98062D0925BB0055FD57 /* HomeCheffed */;
			targetProxy = C01D981B2D0925BC0055FD57 /* PBXContainerItemProxy */;
		};
		C01D98262D0925BC0055FD57 /* PBXTargetDependency */ = {
			isa = PBXTargetDependency;
			target = C01D98062D0925BB0055FD57 /* HomeCheffed */;
			targetProxy = C01D98252D0925BC0055FD57 /* PBXContainerItemProxy */;
		};
/* End PBXTargetDependency section */

/* Begin XCBuildConfiguration section */
		C01D982C2D0925BC0055FD57 /* Debug */ = {
			isa = XCBuildConfiguration;
			buildSettings = {
				ALWAYS_SEARCH_USER_PATHS = NO;
				ASSETCATALOG_COMPILER_GENERATE_SWIFT_ASSET_SYMBOL_EXTENSIONS = YES;
				CLANG_ANALYZER_NONNULL = YES;
				CLANG_ANALYZER_NUMBER_OBJECT_CONVERSION = YES_AGGRESSIVE;
				CLANG_CXX_LANGUAGE_STANDARD = "gnu++20";
				CLANG_ENABLE_MODULES = YES;
				CLANG_ENABLE_OBJC_ARC = YES;
				CLANG_ENABLE_OBJC_WEAK = YES;
				CLANG_WARN_BLOCK_CAPTURE_AUTORELEASING = YES;
				CLANG_WARN_BOOL_CONVERSION = YES;
				CLANG_WARN_COMMA = YES;
				CLANG_WARN_CONSTANT_CONVERSION = YES;
				CLANG_WARN_DEPRECATED_OBJC_IMPLEMENTATIONS = YES;
				CLANG_WARN_DIRECT_OBJC_ISA_USAGE = YES_ERROR;
				CLANG_WARN_DOCUMENTATION_COMMENTS = YES;
				CLANG_WARN_EMPTY_BODY = YES;
				CLANG_WARN_ENUM_CONVERSION = YES;
				CLANG_WARN_INFINITE_RECURSION = YES;
				CLANG_WARN_INT_CONVERSION = YES;
				CLANG_WARN_NON_LITERAL_NULL_CONVERSION = YES;
				CLANG_WARN_OBJC_IMPLICIT_RETAIN_SELF = YES;
				CLANG_WARN_OBJC_LITERAL_CONVERSION = YES;
				CLANG_WARN_OBJC_ROOT_CLASS = YES_ERROR;
				CLANG_WARN_QUOTED_INCLUDE_IN_FRAMEWORK_HEADER = YES;
				CLANG_WARN_RANGE_LOOP_ANALYSIS = YES;
				CLANG_WARN_STRICT_PROTOTYPES = YES;
				CLANG_WARN_SUSPICIOUS_MOVE = YES;
				CLANG_WARN_UNGUARDED_AVAILABILITY = YES_AGGRESSIVE;
				CLANG_WARN_UNREACHABLE_CODE = YES;
				CLANG_WARN__DUPLICATE_METHOD_MATCH = YES;
				COPY_PHASE_STRIP = NO;
				DEAD_CODE_STRIPPING = YES;
				DEBUG_INFORMATION_FORMAT = dwarf;
				ENABLE_STRICT_OBJC_MSGSEND = YES;
				ENABLE_TESTABILITY = YES;
				ENABLE_USER_SCRIPT_SANDBOXING = YES;
				GCC_C_LANGUAGE_STANDARD = gnu17;
				GCC_DYNAMIC_NO_PIC = NO;
				GCC_NO_COMMON_BLOCKS = YES;
				GCC_OPTIMIZATION_LEVEL = 0;
				GCC_PREPROCESSOR_DEFINITIONS = (
					"DEBUG=1",
					"$(inherited)",
				);
				GCC_WARN_64_TO_32_BIT_CONVERSION = YES;
				GCC_WARN_ABOUT_RETURN_TYPE = YES_ERROR;
				GCC_WARN_UNDECLARED_SELECTOR = YES;
				GCC_WARN_UNINITIALIZED_AUTOS = YES_AGGRESSIVE;
				GCC_WARN_UNUSED_FUNCTION = YES;
				GCC_WARN_UNUSED_VARIABLE = YES;
				LOCALIZATION_PREFERS_STRING_CATALOGS = YES;
				MTL_ENABLE_DEBUG_INFO = INCLUDE_SOURCE;
				MTL_FAST_MATH = YES;
				ONLY_ACTIVE_ARCH = YES;
				SWIFT_ACTIVE_COMPILATION_CONDITIONS = "DEBUG $(inherited)";
				SWIFT_OPTIMIZATION_LEVEL = "-Onone";
			};
			name = Debug;
		};
		C01D982D2D0925BC0055FD57 /* Release */ = {
			isa = XCBuildConfiguration;
			buildSettings = {
				ALWAYS_SEARCH_USER_PATHS = NO;
				ASSETCATALOG_COMPILER_GENERATE_SWIFT_ASSET_SYMBOL_EXTENSIONS = YES;
				CLANG_ANALYZER_NONNULL = YES;
				CLANG_ANALYZER_NUMBER_OBJECT_CONVERSION = YES_AGGRESSIVE;
				CLANG_CXX_LANGUAGE_STANDARD = "gnu++20";
				CLANG_ENABLE_MODULES = YES;
				CLANG_ENABLE_OBJC_ARC = YES;
				CLANG_ENABLE_OBJC_WEAK = YES;
				CLANG_WARN_BLOCK_CAPTURE_AUTORELEASING = YES;
				CLANG_WARN_BOOL_CONVERSION = YES;
				CLANG_WARN_COMMA = YES;
				CLANG_WARN_CONSTANT_CONVERSION = YES;
				CLANG_WARN_DEPRECATED_OBJC_IMPLEMENTATIONS = YES;
				CLANG_WARN_DIRECT_OBJC_ISA_USAGE = YES_ERROR;
				CLANG_WARN_DOCUMENTATION_COMMENTS = YES;
				CLANG_WARN_EMPTY_BODY = YES;
				CLANG_WARN_ENUM_CONVERSION = YES;
				CLANG_WARN_INFINITE_RECURSION = YES;
				CLANG_WARN_INT_CONVERSION = YES;
				CLANG_WARN_NON_LITERAL_NULL_CONVERSION = YES;
				CLANG_WARN_OBJC_IMPLICIT_RETAIN_SELF = YES;
				CLANG_WARN_OBJC_LITERAL_CONVERSION = YES;
				CLANG_WARN_OBJC_ROOT_CLASS = YES_ERROR;
				CLANG_WARN_QUOTED_INCLUDE_IN_FRAMEWORK_HEADER = YES;
				CLANG_WARN_RANGE_LOOP_ANALYSIS = YES;
				CLANG_WARN_STRICT_PROTOTYPES = YES;
				CLANG_WARN_SUSPICIOUS_MOVE = YES;
				CLANG_WARN_UNGUARDED_AVAILABILITY = YES_AGGRESSIVE;
				CLANG_WARN_UNREACHABLE_CODE = YES;
				CLANG_WARN__DUPLICATE_METHOD_MATCH = YES;
				COPY_PHASE_STRIP = NO;
				DEAD_CODE_STRIPPING = YES;
				DEBUG_INFORMATION_FORMAT = "dwarf-with-dsym";
				ENABLE_NS_ASSERTIONS = NO;
				ENABLE_STRICT_OBJC_MSGSEND = YES;
				ENABLE_USER_SCRIPT_SANDBOXING = YES;
				GCC_C_LANGUAGE_STANDARD = gnu17;
				GCC_NO_COMMON_BLOCKS = YES;
				GCC_WARN_64_TO_32_BIT_CONVERSION = YES;
				GCC_WARN_ABOUT_RETURN_TYPE = YES_ERROR;
				GCC_WARN_UNDECLARED_SELECTOR = YES;
				GCC_WARN_UNINITIALIZED_AUTOS = YES_AGGRESSIVE;
				GCC_WARN_UNUSED_FUNCTION = YES;
				GCC_WARN_UNUSED_VARIABLE = YES;
				LOCALIZATION_PREFERS_STRING_CATALOGS = YES;
				MTL_ENABLE_DEBUG_INFO = NO;
				MTL_FAST_MATH = YES;
				SWIFT_COMPILATION_MODE = wholemodule;
			};
			name = Release;
		};
		C01D982F2D0925BC0055FD57 /* Debug */ = {
			isa = XCBuildConfiguration;
			buildSettings = {
				ASSETCATALOG_COMPILER_APPICON_NAME = AppIcon;
				ASSETCATALOG_COMPILER_GLOBAL_ACCENT_COLOR_NAME = AccentColor;
				CODE_SIGN_ENTITLEMENTS = HomeCheffed/HomeCheffed.entitlements;
				"CODE_SIGN_IDENTITY[sdk=macosx*]" = "Apple Development";
				CODE_SIGN_STYLE = Automatic;
				CURRENT_PROJECT_VERSION = 1;
				DEAD_CODE_STRIPPING = YES;
				DEVELOPMENT_ASSET_PATHS = "\"HomeCheffed/Preview Content\"";
				DEVELOPMENT_TEAM = T2D76AFFN3;
				ENABLE_PREVIEWS = YES;
				GENERATE_INFOPLIST_FILE = YES;
				"INFOPLIST_KEY_UIApplicationSceneManifest_Generation[sdk=iphoneos*]" = YES;
				"INFOPLIST_KEY_UIApplicationSceneManifest_Generation[sdk=iphonesimulator*]" = YES;
				"INFOPLIST_KEY_UIApplicationSupportsIndirectInputEvents[sdk=iphoneos*]" = YES;
				"INFOPLIST_KEY_UIApplicationSupportsIndirectInputEvents[sdk=iphonesimulator*]" = YES;
				"INFOPLIST_KEY_UILaunchScreen_Generation[sdk=iphoneos*]" = YES;
				"INFOPLIST_KEY_UILaunchScreen_Generation[sdk=iphonesimulator*]" = YES;
				"INFOPLIST_KEY_UIStatusBarStyle[sdk=iphoneos*]" = UIStatusBarStyleDefault;
				"INFOPLIST_KEY_UIStatusBarStyle[sdk=iphonesimulator*]" = UIStatusBarStyleDefault;
				INFOPLIST_KEY_UISupportedInterfaceOrientations_iPad = "UIInterfaceOrientationPortrait UIInterfaceOrientationPortraitUpsideDown UIInterfaceOrientationLandscapeLeft UIInterfaceOrientationLandscapeRight";
				INFOPLIST_KEY_UISupportedInterfaceOrientations_iPhone = "UIInterfaceOrientationPortrait UIInterfaceOrientationLandscapeLeft UIInterfaceOrientationLandscapeRight";
				IPHONEOS_DEPLOYMENT_TARGET = 18.1;
				LD_RUNPATH_SEARCH_PATHS = "@executable_path/Frameworks";
				"LD_RUNPATH_SEARCH_PATHS[sdk=macosx*]" = "@executable_path/../Frameworks";
				MACOSX_DEPLOYMENT_TARGET = 14.0;
				MARKETING_VERSION = 1.0;
				PRODUCT_BUNDLE_IDENTIFIER = homecheffed.HomeCheffed;
				PRODUCT_NAME = "$(TARGET_NAME)";
				SDKROOT = auto;
				SUPPORTED_PLATFORMS = "iphonesimulator iphoneos";
				SWIFT_EMIT_LOC_STRINGS = YES;
				SWIFT_VERSION = 5.0;
				TARGETED_DEVICE_FAMILY = "1,2,7";
				XROS_DEPLOYMENT_TARGET = 2.1;
			};
			name = Debug;
		};
		C01D98302D0925BC0055FD57 /* Release */ = {
			isa = XCBuildConfiguration;
			buildSettings = {
				ASSETCATALOG_COMPILER_APPICON_NAME = AppIcon;
				ASSETCATALOG_COMPILER_GLOBAL_ACCENT_COLOR_NAME = AccentColor;
				CODE_SIGN_ENTITLEMENTS = HomeCheffed/HomeCheffed.entitlements;
				"CODE_SIGN_IDENTITY[sdk=macosx*]" = "Apple Development";
				CODE_SIGN_STYLE = Automatic;
				CURRENT_PROJECT_VERSION = 1;
				DEAD_CODE_STRIPPING = YES;
				DEVELOPMENT_ASSET_PATHS = "\"HomeCheffed/Preview Content\"";
				DEVELOPMENT_TEAM = T2D76AFFN3;
				ENABLE_PREVIEWS = YES;
				GENERATE_INFOPLIST_FILE = YES;
				"INFOPLIST_KEY_UIApplicationSceneManifest_Generation[sdk=iphoneos*]" = YES;
				"INFOPLIST_KEY_UIApplicationSceneManifest_Generation[sdk=iphonesimulator*]" = YES;
				"INFOPLIST_KEY_UIApplicationSupportsIndirectInputEvents[sdk=iphoneos*]" = YES;
				"INFOPLIST_KEY_UIApplicationSupportsIndirectInputEvents[sdk=iphonesimulator*]" = YES;
				"INFOPLIST_KEY_UILaunchScreen_Generation[sdk=iphoneos*]" = YES;
				"INFOPLIST_KEY_UILaunchScreen_Generation[sdk=iphonesimulator*]" = YES;
				"INFOPLIST_KEY_UIStatusBarStyle[sdk=iphoneos*]" = UIStatusBarStyleDefault;
				"INFOPLIST_KEY_UIStatusBarStyle[sdk=iphonesimulator*]" = UIStatusBarStyleDefault;
				INFOPLIST_KEY_UISupportedInterfaceOrientations_iPad = "UIInterfaceOrientationPortrait UIInterfaceOrientationPortraitUpsideDown UIInterfaceOrientationLandscapeLeft UIInterfaceOrientationLandscapeRight";
				INFOPLIST_KEY_UISupportedInterfaceOrientations_iPhone = "UIInterfaceOrientationPortrait UIInterfaceOrientationLandscapeLeft UIInterfaceOrientationLandscapeRight";
				IPHONEOS_DEPLOYMENT_TARGET = 18.1;
				LD_RUNPATH_SEARCH_PATHS = "@executable_path/Frameworks";
				"LD_RUNPATH_SEARCH_PATHS[sdk=macosx*]" = "@executable_path/../Frameworks";
				MACOSX_DEPLOYMENT_TARGET = 14.0;
				MARKETING_VERSION = 1.0;
				PRODUCT_BUNDLE_IDENTIFIER = homecheffed.HomeCheffed;
				PRODUCT_NAME = "$(TARGET_NAME)";
				SDKROOT = auto;
				SUPPORTED_PLATFORMS = "iphonesimulator iphoneos";
				SWIFT_EMIT_LOC_STRINGS = YES;
				SWIFT_VERSION = 5.0;
				TARGETED_DEVICE_FAMILY = "1,2,7";
				XROS_DEPLOYMENT_TARGET = 2.1;
			};
			name = Release;
		};
		C01D98322D0925BC0055FD57 /* Debug */ = {
			isa = XCBuildConfiguration;
			buildSettings = {
				BUNDLE_LOADER = "$(TEST_HOST)";
				CODE_SIGN_STYLE = Automatic;
				CURRENT_PROJECT_VERSION = 1;
				DEAD_CODE_STRIPPING = YES;
				GENERATE_INFOPLIST_FILE = YES;
				IPHONEOS_DEPLOYMENT_TARGET = 18.1;
				MACOSX_DEPLOYMENT_TARGET = 14.7;
				MARKETING_VERSION = 1.0;
				PRODUCT_BUNDLE_IDENTIFIER = homecheffed.HomeCheffedTests;
				PRODUCT_NAME = "$(TARGET_NAME)";
				SDKROOT = auto;
				SUPPORTED_PLATFORMS = "iphoneos iphonesimulator macosx xros xrsimulator";
				SWIFT_EMIT_LOC_STRINGS = NO;
				SWIFT_VERSION = 5.0;
				TARGETED_DEVICE_FAMILY = "1,2,7";
				TEST_HOST = "$(BUILT_PRODUCTS_DIR)/HomeCheffed.app/$(BUNDLE_EXECUTABLE_FOLDER_PATH)/HomeCheffed";
				XROS_DEPLOYMENT_TARGET = 2.1;
			};
			name = Debug;
		};
		C01D98332D0925BC0055FD57 /* Release */ = {
			isa = XCBuildConfiguration;
			buildSettings = {
				BUNDLE_LOADER = "$(TEST_HOST)";
				CODE_SIGN_STYLE = Automatic;
				CURRENT_PROJECT_VERSION = 1;
				DEAD_CODE_STRIPPING = YES;
				GENERATE_INFOPLIST_FILE = YES;
				IPHONEOS_DEPLOYMENT_TARGET = 18.1;
				MACOSX_DEPLOYMENT_TARGET = 14.7;
				MARKETING_VERSION = 1.0;
				PRODUCT_BUNDLE_IDENTIFIER = homecheffed.HomeCheffedTests;
				PRODUCT_NAME = "$(TARGET_NAME)";
				SDKROOT = auto;
				SUPPORTED_PLATFORMS = "iphoneos iphonesimulator macosx xros xrsimulator";
				SWIFT_EMIT_LOC_STRINGS = NO;
				SWIFT_VERSION = 5.0;
				TARGETED_DEVICE_FAMILY = "1,2,7";
				TEST_HOST = "$(BUILT_PRODUCTS_DIR)/HomeCheffed.app/$(BUNDLE_EXECUTABLE_FOLDER_PATH)/HomeCheffed";
				XROS_DEPLOYMENT_TARGET = 2.1;
			};
			name = Release;
		};
		C01D98352D0925BC0055FD57 /* Debug */ = {
			isa = XCBuildConfiguration;
			buildSettings = {
				CODE_SIGN_STYLE = Automatic;
				CURRENT_PROJECT_VERSION = 1;
				DEAD_CODE_STRIPPING = YES;
				GENERATE_INFOPLIST_FILE = YES;
				IPHONEOS_DEPLOYMENT_TARGET = 18.1;
				MACOSX_DEPLOYMENT_TARGET = 14.7;
				MARKETING_VERSION = 1.0;
				PRODUCT_BUNDLE_IDENTIFIER = homecheffed.HomeCheffedUITests;
				PRODUCT_NAME = "$(TARGET_NAME)";
				SDKROOT = auto;
				SUPPORTED_PLATFORMS = "iphoneos iphonesimulator macosx xros xrsimulator";
				SWIFT_EMIT_LOC_STRINGS = NO;
				SWIFT_VERSION = 5.0;
				TARGETED_DEVICE_FAMILY = "1,2,7";
				TEST_TARGET_NAME = HomeCheffed;
				XROS_DEPLOYMENT_TARGET = 2.1;
			};
			name = Debug;
		};
		C01D98362D0925BC0055FD57 /* Release */ = {
			isa = XCBuildConfiguration;
			buildSettings = {
				CODE_SIGN_STYLE = Automatic;
				CURRENT_PROJECT_VERSION = 1;
				DEAD_CODE_STRIPPING = YES;
				GENERATE_INFOPLIST_FILE = YES;
				IPHONEOS_DEPLOYMENT_TARGET = 18.1;
				MACOSX_DEPLOYMENT_TARGET = 14.7;
				MARKETING_VERSION = 1.0;
				PRODUCT_BUNDLE_IDENTIFIER = homecheffed.HomeCheffedUITests;
				PRODUCT_NAME = "$(TARGET_NAME)";
				SDKROOT = auto;
				SUPPORTED_PLATFORMS = "iphoneos iphonesimulator macosx xros xrsimulator";
				SWIFT_EMIT_LOC_STRINGS = NO;
				SWIFT_VERSION = 5.0;
				TARGETED_DEVICE_FAMILY = "1,2,7";
				TEST_TARGET_NAME = HomeCheffed;
				XROS_DEPLOYMENT_TARGET = 2.1;
			};
			name = Release;
		};
/* End XCBuildConfiguration section */

/* Begin XCConfigurationList section */
		C01D98022D0925BB0055FD57 /* Build configuration list for PBXProject "HomeCheffed" */ = {
			isa = XCConfigurationList;
			buildConfigurations = (
				C01D982C2D0925BC0055FD57 /* Debug */,
				C01D982D2D0925BC0055FD57 /* Release */,
			);
			defaultConfigurationIsVisible = 0;
			defaultConfigurationName = Release;
		};
		C01D982E2D0925BC0055FD57 /* Build configuration list for PBXNativeTarget "HomeCheffed" */ = {
			isa = XCConfigurationList;
			buildConfigurations = (
				C01D982F2D0925BC0055FD57 /* Debug */,
				C01D98302D0925BC0055FD57 /* Release */,
			);
			defaultConfigurationIsVisible = 0;
			defaultConfigurationName = Release;
		};
		C01D98312D0925BC0055FD57 /* Build configuration list for PBXNativeTarget "HomeCheffedTests" */ = {
			isa = XCConfigurationList;
			buildConfigurations = (
				C01D98322D0925BC0055FD57 /* Debug */,
				C01D98332D0925BC0055FD57 /* Release */,
			);
			defaultConfigurationIsVisible = 0;
			defaultConfigurationName = Release;
		};
		C01D98342D0925BC0055FD57 /* Build configuration list for PBXNativeTarget "HomeCheffedUITests" */ = {
			isa = XCConfigurationList;
			buildConfigurations = (
				C01D98352D0925BC0055FD57 /* Debug */,
				C01D98362D0925BC0055FD57 /* Release */,
			);
			defaultConfigurationIsVisible = 0;
			defaultConfigurationName = Release;
		};
/* End XCConfigurationList section */

/* Begin XCRemoteSwiftPackageReference section */
		C0C0EB9F2D0CF033001F3EBA /* XCRemoteSwiftPackageReference "swift-protobuf" */ = {
			isa = XCRemoteSwiftPackageReference;
			repositoryURL = "https://github.com/apple/swift-protobuf.git";
			requirement = {
				kind = upToNextMajorVersion;
				minimumVersion = 1.28.2;
			};
		};
		C0C0EBA02D0CF15E001F3EBA /* XCRemoteSwiftPackageReference "firebase-ios-sdk" */ = {
			isa = XCRemoteSwiftPackageReference;
			repositoryURL = "https://github.com/firebase/firebase-ios-sdk.git";
			requirement = {
				kind = upToNextMajorVersion;
				minimumVersion = 11.6.0;
			};
		};
		C0F674182D0DE3AF00DD1D0F /* XCRemoteSwiftPackageReference "facebook-ios-sdk" */ = {
			isa = XCRemoteSwiftPackageReference;
			repositoryURL = "https://github.com/facebook/facebook-ios-sdk.git";
			requirement = {
				kind = upToNextMajorVersion;
				minimumVersion = 14.1.0;
			};
		};
/* End XCRemoteSwiftPackageReference section */

/* Begin XCSwiftPackageProductDependency section */
		C0C0EBA42D0CF827001F3EBA /* FirebaseAnalytics */ = {
			isa = XCSwiftPackageProductDependency;
			package = C0C0EBA02D0CF15E001F3EBA /* XCRemoteSwiftPackageReference "firebase-ios-sdk" */;
			productName = FirebaseAnalytics;
		};
		C0C0EBA62D0CF827001F3EBA /* FirebaseAppCheck */ = {
			isa = XCSwiftPackageProductDependency;
			package = C0C0EBA02D0CF15E001F3EBA /* XCRemoteSwiftPackageReference "firebase-ios-sdk" */;
			productName = FirebaseAppCheck;
		};
		C0F674262D0DEB7500DD1D0F /* FirebaseAuth */ = {
			isa = XCSwiftPackageProductDependency;
			package = C0C0EBA02D0CF15E001F3EBA /* XCRemoteSwiftPackageReference "firebase-ios-sdk" */;
			productName = FirebaseAuth;
		};
		C0F674282D0DEBB800DD1D0F /* FacebookCore */ = {
			isa = XCSwiftPackageProductDependency;
			package = C0F674182D0DE3AF00DD1D0F /* XCRemoteSwiftPackageReference "facebook-ios-sdk" */;
			productName = FacebookCore;
		};
		C0F6744B2D0DF9C200DD1D0F /* FirebaseFirestore */ = {
			isa = XCSwiftPackageProductDependency;
			package = C0C0EBA02D0CF15E001F3EBA /* XCRemoteSwiftPackageReference "firebase-ios-sdk" */;
			productName = FirebaseFirestore;
		};
/* End XCSwiftPackageProductDependency section */
	};
	rootObject = C01D97FF2D0925BB0055FD57 /* Project object */;
}
